// !$*UTF8*$!
{
	archiveVersion = 1;
	classes = {
	};
	objectVersion = 46;
	objects = {

/* Begin PBXBuildFile section */
		F62CF33C1D3AA35D00C06A6E /* main.m in Sources */ = {isa = PBXBuildFile; fileRef = F62CF33B1D3AA35D00C06A6E /* main.m */; };
		F62CF33F1D3AA35D00C06A6E /* AppDelegate.m in Sources */ = {isa = PBXBuildFile; fileRef = F62CF33E1D3AA35D00C06A6E /* AppDelegate.m */; };
		F62CF3421D3AA35D00C06A6E /* InitialViewController.m in Sources */ = {isa = PBXBuildFile; fileRef = F62CF3411D3AA35D00C06A6E /* InitialViewController.m */; };
		F62CF3451D3AA35D00C06A6E /* Main.storyboard in Resources */ = {isa = PBXBuildFile; fileRef = F62CF3431D3AA35D00C06A6E /* Main.storyboard */; };
		F62CF3471D3AA35D00C06A6E /* Assets.xcassets in Resources */ = {isa = PBXBuildFile; fileRef = F62CF3461D3AA35D00C06A6E /* Assets.xcassets */; };
		F62CF34A1D3AA35D00C06A6E /* LaunchScreen.storyboard in Resources */ = {isa = PBXBuildFile; fileRef = F62CF3481D3AA35D00C06A6E /* LaunchScreen.storyboard */; };
		F62CF3551D3AA35E00C06A6E /* marsvinsTests.m in Sources */ = {isa = PBXBuildFile; fileRef = F62CF3541D3AA35E00C06A6E /* marsvinsTests.m */; };
		F62CF3611D3AA9D600C06A6E /* VinsViewController.m in Sources */ = {isa = PBXBuildFile; fileRef = F62CF3601D3AA9D600C06A6E /* VinsViewController.m */; };
		F62CF3661D3ABDAA00C06A6E /* AVFoundation.framework in Frameworks */ = {isa = PBXBuildFile; fileRef = F62CF3651D3ABDAA00C06A6E /* AVFoundation.framework */; };
		F62CF3681D3ABDBD00C06A6E /* CoreMotion.framework in Frameworks */ = {isa = PBXBuildFile; fileRef = F62CF3671D3ABDBD00C06A6E /* CoreMotion.framework */; };
		F62CF36B1D3ACDCC00C06A6E /* QuartzCore.framework in Frameworks */ = {isa = PBXBuildFile; fileRef = F62CF36A1D3ACDCC00C06A6E /* QuartzCore.framework */; };
		F67530C21DA5738C00C7E72D /* FileConfiguration.m in Sources */ = {isa = PBXBuildFile; fileRef = F67530C11DA5738C00C7E72D /* FileConfiguration.m */; };
		F6D5D8961D52C21A002C9A03 /* Interpolator.m in Sources */ = {isa = PBXBuildFile; fileRef = F6D5D8951D52C21A002C9A03 /* Interpolator.m */; };
		F6D5D8991D52C382002C9A03 /* GyroData.m in Sources */ = {isa = PBXBuildFile; fileRef = F6D5D8981D52C382002C9A03 /* GyroData.m */; };
		F6D5D89C1D52C395002C9A03 /* AccelData.m in Sources */ = {isa = PBXBuildFile; fileRef = F6D5D89B1D52C395002C9A03 /* AccelData.m */; };
		F6D5D8BE1D53C8BB002C9A03 /* IMUMeasurement.m in Sources */ = {isa = PBXBuildFile; fileRef = F6D5D8BD1D53C8BB002C9A03 /* IMUMeasurement.m */; };
		F6D5D8C11D543C47002C9A03 /* LinkedList.m in Sources */ = {isa = PBXBuildFile; fileRef = F6D5D8C01D543C47002C9A03 /* LinkedList.m */; };
		F6D5D8C41D544727002C9A03 /* Node.m in Sources */ = {isa = PBXBuildFile; fileRef = F6D5D8C31D544727002C9A03 /* Node.m */; };
		F6FB5C4E1D41C6EA00F62F96 /* CoreMedia.framework in Frameworks */ = {isa = PBXBuildFile; fileRef = F6FB5C4D1D41C6EA00F62F96 /* CoreMedia.framework */; };
		F6FB5C501D41C6F300F62F96 /* CoreVideo.framework in Frameworks */ = {isa = PBXBuildFile; fileRef = F6FB5C4F1D41C6F300F62F96 /* CoreVideo.framework */; };
		F6FB5C521D42C3E400F62F96 /* CoreLocation.framework in Frameworks */ = {isa = PBXBuildFile; fileRef = F6FB5C511D42C3E400F62F96 /* CoreLocation.framework */; };
/* End PBXBuildFile section */

/* Begin PBXContainerItemProxy section */
		F62CF3511D3AA35E00C06A6E /* PBXContainerItemProxy */ = {
			isa = PBXContainerItemProxy;
			containerPortal = F62CF32F1D3AA35D00C06A6E /* Project object */;
			proxyType = 1;
			remoteGlobalIDString = F62CF3361D3AA35D00C06A6E;
			remoteInfo = marsvins;
		};
/* End PBXContainerItemProxy section */

/* Begin PBXFileReference section */
		F62CF3371D3AA35D00C06A6E /* marsvins.app */ = {isa = PBXFileReference; explicitFileType = wrapper.application; includeInIndex = 0; path = marsvins.app; sourceTree = BUILT_PRODUCTS_DIR; };
		F62CF33B1D3AA35D00C06A6E /* main.m */ = {isa = PBXFileReference; lastKnownFileType = sourcecode.c.objc; path = main.m; sourceTree = "<group>"; };
		F62CF33D1D3AA35D00C06A6E /* AppDelegate.h */ = {isa = PBXFileReference; lastKnownFileType = sourcecode.c.h; path = AppDelegate.h; sourceTree = "<group>"; };
		F62CF33E1D3AA35D00C06A6E /* AppDelegate.m */ = {isa = PBXFileReference; lastKnownFileType = sourcecode.c.objc; path = AppDelegate.m; sourceTree = "<group>"; };
		F62CF3401D3AA35D00C06A6E /* InitialViewController.h */ = {isa = PBXFileReference; lastKnownFileType = sourcecode.c.h; path = InitialViewController.h; sourceTree = "<group>"; };
		F62CF3411D3AA35D00C06A6E /* InitialViewController.m */ = {isa = PBXFileReference; lastKnownFileType = sourcecode.c.objc; path = InitialViewController.m; sourceTree = "<group>"; };
		F62CF3441D3AA35D00C06A6E /* Base */ = {isa = PBXFileReference; lastKnownFileType = file.storyboard; name = Base; path = Base.lproj/Main.storyboard; sourceTree = "<group>"; };
		F62CF3461D3AA35D00C06A6E /* Assets.xcassets */ = {isa = PBXFileReference; lastKnownFileType = folder.assetcatalog; path = Assets.xcassets; sourceTree = "<group>"; };
		F62CF3491D3AA35D00C06A6E /* Base */ = {isa = PBXFileReference; lastKnownFileType = file.storyboard; name = Base; path = Base.lproj/LaunchScreen.storyboard; sourceTree = "<group>"; };
		F62CF34B1D3AA35D00C06A6E /* Info.plist */ = {isa = PBXFileReference; lastKnownFileType = text.plist.xml; path = Info.plist; sourceTree = "<group>"; };
		F62CF3501D3AA35E00C06A6E /* marsvinsTests.xctest */ = {isa = PBXFileReference; explicitFileType = wrapper.cfbundle; includeInIndex = 0; path = marsvinsTests.xctest; sourceTree = BUILT_PRODUCTS_DIR; };
		F62CF3541D3AA35E00C06A6E /* marsvinsTests.m */ = {isa = PBXFileReference; lastKnownFileType = sourcecode.c.objc; path = marsvinsTests.m; sourceTree = "<group>"; };
		F62CF3561D3AA35E00C06A6E /* Info.plist */ = {isa = PBXFileReference; lastKnownFileType = text.plist.xml; path = Info.plist; sourceTree = "<group>"; };
		F62CF35F1D3AA9D600C06A6E /* VinsViewController.h */ = {isa = PBXFileReference; fileEncoding = 4; lastKnownFileType = sourcecode.c.h; path = VinsViewController.h; sourceTree = "<group>"; };
		F62CF3601D3AA9D600C06A6E /* VinsViewController.m */ = {isa = PBXFileReference; fileEncoding = 4; lastKnownFileType = sourcecode.c.objc; path = VinsViewController.m; sourceTree = "<group>"; };
		F62CF3651D3ABDAA00C06A6E /* AVFoundation.framework */ = {isa = PBXFileReference; lastKnownFileType = wrapper.framework; name = AVFoundation.framework; path = System/Library/Frameworks/AVFoundation.framework; sourceTree = SDKROOT; };
		F62CF3671D3ABDBD00C06A6E /* CoreMotion.framework */ = {isa = PBXFileReference; lastKnownFileType = wrapper.framework; name = CoreMotion.framework; path = System/Library/Frameworks/CoreMotion.framework; sourceTree = SDKROOT; };
		F62CF36A1D3ACDCC00C06A6E /* QuartzCore.framework */ = {isa = PBXFileReference; lastKnownFileType = wrapper.framework; name = QuartzCore.framework; path = System/Library/Frameworks/QuartzCore.framework; sourceTree = SDKROOT; };
		F67530C01DA5738C00C7E72D /* FileConfiguration.h */ = {isa = PBXFileReference; fileEncoding = 4; lastKnownFileType = sourcecode.c.h; path = FileConfiguration.h; sourceTree = "<group>"; };
		F67530C11DA5738C00C7E72D /* FileConfiguration.m */ = {isa = PBXFileReference; fileEncoding = 4; lastKnownFileType = sourcecode.c.objc; path = FileConfiguration.m; sourceTree = "<group>"; };
		F6D5D8941D52C21A002C9A03 /* Interpolator.h */ = {isa = PBXFileReference; fileEncoding = 4; lastKnownFileType = sourcecode.c.h; path = Interpolator.h; sourceTree = "<group>"; };
		F6D5D8951D52C21A002C9A03 /* Interpolator.m */ = {isa = PBXFileReference; fileEncoding = 4; lastKnownFileType = sourcecode.c.objc; path = Interpolator.m; sourceTree = "<group>"; };
		F6D5D8971D52C382002C9A03 /* GyroData.h */ = {isa = PBXFileReference; fileEncoding = 4; lastKnownFileType = sourcecode.c.h; path = GyroData.h; sourceTree = "<group>"; };
		F6D5D8981D52C382002C9A03 /* GyroData.m */ = {isa = PBXFileReference; fileEncoding = 4; lastKnownFileType = sourcecode.c.objc; path = GyroData.m; sourceTree = "<group>"; };
		F6D5D89A1D52C395002C9A03 /* AccelData.h */ = {isa = PBXFileReference; fileEncoding = 4; lastKnownFileType = sourcecode.c.h; path = AccelData.h; sourceTree = "<group>"; };
		F6D5D89B1D52C395002C9A03 /* AccelData.m */ = {isa = PBXFileReference; fileEncoding = 4; lastKnownFileType = sourcecode.c.objc; path = AccelData.m; sourceTree = "<group>"; };
		F6D5D8BC1D53C8BB002C9A03 /* IMUMeasurement.h */ = {isa = PBXFileReference; fileEncoding = 4; lastKnownFileType = sourcecode.c.h; path = IMUMeasurement.h; sourceTree = "<group>"; };
		F6D5D8BD1D53C8BB002C9A03 /* IMUMeasurement.m */ = {isa = PBXFileReference; fileEncoding = 4; lastKnownFileType = sourcecode.c.objc; path = IMUMeasurement.m; sourceTree = "<group>"; };
		F6D5D8BF1D543C47002C9A03 /* LinkedList.h */ = {isa = PBXFileReference; fileEncoding = 4; lastKnownFileType = sourcecode.c.h; path = LinkedList.h; sourceTree = "<group>"; };
		F6D5D8C01D543C47002C9A03 /* LinkedList.m */ = {isa = PBXFileReference; fileEncoding = 4; lastKnownFileType = sourcecode.c.objc; path = LinkedList.m; sourceTree = "<group>"; };
		F6D5D8C21D544727002C9A03 /* Node.h */ = {isa = PBXFileReference; fileEncoding = 4; lastKnownFileType = sourcecode.c.h; path = Node.h; sourceTree = "<group>"; };
		F6D5D8C31D544727002C9A03 /* Node.m */ = {isa = PBXFileReference; fileEncoding = 4; lastKnownFileType = sourcecode.c.objc; path = Node.m; sourceTree = "<group>"; };
		F6FB5C4D1D41C6EA00F62F96 /* CoreMedia.framework */ = {isa = PBXFileReference; lastKnownFileType = wrapper.framework; name = CoreMedia.framework; path = System/Library/Frameworks/CoreMedia.framework; sourceTree = SDKROOT; };
		F6FB5C4F1D41C6F300F62F96 /* CoreVideo.framework */ = {isa = PBXFileReference; lastKnownFileType = wrapper.framework; name = CoreVideo.framework; path = System/Library/Frameworks/CoreVideo.framework; sourceTree = SDKROOT; };
		F6FB5C511D42C3E400F62F96 /* CoreLocation.framework */ = {isa = PBXFileReference; lastKnownFileType = wrapper.framework; name = CoreLocation.framework; path = System/Library/Frameworks/CoreLocation.framework; sourceTree = SDKROOT; };
/* End PBXFileReference section */

/* Begin PBXFrameworksBuildPhase section */
		F62CF3341D3AA35D00C06A6E /* Frameworks */ = {
			isa = PBXFrameworksBuildPhase;
			buildActionMask = 2147483647;
			files = (
				F6FB5C521D42C3E400F62F96 /* CoreLocation.framework in Frameworks */,
				F6FB5C501D41C6F300F62F96 /* CoreVideo.framework in Frameworks */,
				F6FB5C4E1D41C6EA00F62F96 /* CoreMedia.framework in Frameworks */,
				F62CF36B1D3ACDCC00C06A6E /* QuartzCore.framework in Frameworks */,
				F62CF3681D3ABDBD00C06A6E /* CoreMotion.framework in Frameworks */,
				F62CF3661D3ABDAA00C06A6E /* AVFoundation.framework in Frameworks */,
			);
			runOnlyForDeploymentPostprocessing = 0;
		};
		F62CF34D1D3AA35E00C06A6E /* Frameworks */ = {
			isa = PBXFrameworksBuildPhase;
			buildActionMask = 2147483647;
			files = (
			);
			runOnlyForDeploymentPostprocessing = 0;
		};
/* End PBXFrameworksBuildPhase section */

/* Begin PBXGroup section */
		F62CF32E1D3AA35D00C06A6E = {
			isa = PBXGroup;
			children = (
				F62CF3691D3ABDD700C06A6E /* frameworks */,
				F62CF3391D3AA35D00C06A6E /* marsvins */,
				F62CF3531D3AA35E00C06A6E /* marsvinsTests */,
				F62CF3381D3AA35D00C06A6E /* Products */,
			);
			sourceTree = "<group>";
		};
		F62CF3381D3AA35D00C06A6E /* Products */ = {
			isa = PBXGroup;
			children = (
				F62CF3371D3AA35D00C06A6E /* marsvins.app */,
				F62CF3501D3AA35E00C06A6E /* marsvinsTests.xctest */,
			);
			name = Products;
			sourceTree = "<group>";
		};
		F62CF3391D3AA35D00C06A6E /* marsvins */ = {
			isa = PBXGroup;
			children = (
				F62CF3641D3AA9F600C06A6E /* Views */,
				F62CF3631D3AA9EC00C06A6E /* Controllers */,
				F62CF3621D3AA9E200C06A6E /* Models */,
				F62CF33A1D3AA35D00C06A6E /* Supporting Files */,
				F62CF34B1D3AA35D00C06A6E /* Info.plist */,
			);
			path = marsvins;
			sourceTree = "<group>";
		};
		F62CF33A1D3AA35D00C06A6E /* Supporting Files */ = {
			isa = PBXGroup;
			children = (
				F62CF33B1D3AA35D00C06A6E /* main.m */,
			);
			name = "Supporting Files";
			sourceTree = "<group>";
		};
		F62CF3531D3AA35E00C06A6E /* marsvinsTests */ = {
			isa = PBXGroup;
			children = (
				F62CF3541D3AA35E00C06A6E /* marsvinsTests.m */,
				F62CF3561D3AA35E00C06A6E /* Info.plist */,
			);
			path = marsvinsTests;
			sourceTree = "<group>";
		};
		F62CF3621D3AA9E200C06A6E /* Models */ = {
			isa = PBXGroup;
			children = (
				F67530C01DA5738C00C7E72D /* FileConfiguration.h */,
				F67530C11DA5738C00C7E72D /* FileConfiguration.m */,
				F6D5D8941D52C21A002C9A03 /* Interpolator.h */,
				F6D5D8951D52C21A002C9A03 /* Interpolator.m */,
				F6D5D8971D52C382002C9A03 /* GyroData.h */,
				F6D5D8981D52C382002C9A03 /* GyroData.m */,
				F6D5D89A1D52C395002C9A03 /* AccelData.h */,
				F6D5D89B1D52C395002C9A03 /* AccelData.m */,
				F6D5D8BC1D53C8BB002C9A03 /* IMUMeasurement.h */,
				F6D5D8BD1D53C8BB002C9A03 /* IMUMeasurement.m */,
				F6D5D8C51D54F38C002C9A03 /* List */,
			);
			name = Models;
			sourceTree = "<group>";
		};
		F62CF3631D3AA9EC00C06A6E /* Controllers */ = {
			isa = PBXGroup;
			children = (
				F62CF33D1D3AA35D00C06A6E /* AppDelegate.h */,
				F62CF33E1D3AA35D00C06A6E /* AppDelegate.m */,
				F62CF3401D3AA35D00C06A6E /* InitialViewController.h */,
				F62CF3411D3AA35D00C06A6E /* InitialViewController.m */,
				F62CF35F1D3AA9D600C06A6E /* VinsViewController.h */,
				F62CF3601D3AA9D600C06A6E /* VinsViewController.m */,
			);
			name = Controllers;
			sourceTree = "<group>";
		};
		F62CF3641D3AA9F600C06A6E /* Views */ = {
			isa = PBXGroup;
			children = (
				F62CF3431D3AA35D00C06A6E /* Main.storyboard */,
				F62CF3461D3AA35D00C06A6E /* Assets.xcassets */,
				F62CF3481D3AA35D00C06A6E /* LaunchScreen.storyboard */,
			);
			name = Views;
			sourceTree = "<group>";
		};
		F62CF3691D3ABDD700C06A6E /* frameworks */ = {
			isa = PBXGroup;
			children = (
				F6FB5C511D42C3E400F62F96 /* CoreLocation.framework */,
				F6FB5C4F1D41C6F300F62F96 /* CoreVideo.framework */,
				F6FB5C4D1D41C6EA00F62F96 /* CoreMedia.framework */,
				F62CF36A1D3ACDCC00C06A6E /* QuartzCore.framework */,
				F62CF3671D3ABDBD00C06A6E /* CoreMotion.framework */,
				F62CF3651D3ABDAA00C06A6E /* AVFoundation.framework */,
			);
			name = frameworks;
			sourceTree = "<group>";
		};
		F6D5D8C51D54F38C002C9A03 /* List */ = {
			isa = PBXGroup;
			children = (
				F6D5D8BF1D543C47002C9A03 /* LinkedList.h */,
				F6D5D8C01D543C47002C9A03 /* LinkedList.m */,
				F6D5D8C21D544727002C9A03 /* Node.h */,
				F6D5D8C31D544727002C9A03 /* Node.m */,
			);
			name = List;
			sourceTree = "<group>";
		};
/* End PBXGroup section */

/* Begin PBXNativeTarget section */
		F62CF3361D3AA35D00C06A6E /* marsvins */ = {
			isa = PBXNativeTarget;
			buildConfigurationList = F62CF3591D3AA35E00C06A6E /* Build configuration list for PBXNativeTarget "marsvins" */;
			buildPhases = (
				F62CF3331D3AA35D00C06A6E /* Sources */,
				F62CF3341D3AA35D00C06A6E /* Frameworks */,
				F62CF3351D3AA35D00C06A6E /* Resources */,
			);
			buildRules = (
			);
			dependencies = (
			);
			name = marsvins;
			productName = marsvins;
			productReference = F62CF3371D3AA35D00C06A6E /* marsvins.app */;
			productType = "com.apple.product-type.application";
		};
		F62CF34F1D3AA35E00C06A6E /* marsvinsTests */ = {
			isa = PBXNativeTarget;
			buildConfigurationList = F62CF35C1D3AA35E00C06A6E /* Build configuration list for PBXNativeTarget "marsvinsTests" */;
			buildPhases = (
				F62CF34C1D3AA35E00C06A6E /* Sources */,
				F62CF34D1D3AA35E00C06A6E /* Frameworks */,
				F62CF34E1D3AA35E00C06A6E /* Resources */,
			);
			buildRules = (
			);
			dependencies = (
				F62CF3521D3AA35E00C06A6E /* PBXTargetDependency */,
			);
			name = marsvinsTests;
			productName = marsvinsTests;
			productReference = F62CF3501D3AA35E00C06A6E /* marsvinsTests.xctest */;
			productType = "com.apple.product-type.bundle.unit-test";
		};
/* End PBXNativeTarget section */

/* Begin PBXProject section */
		F62CF32F1D3AA35D00C06A6E /* Project object */ = {
			isa = PBXProject;
			attributes = {
				LastUpgradeCheck = 0730;
				ORGANIZATIONNAME = marslab;
				TargetAttributes = {
					F62CF3361D3AA35D00C06A6E = {
						CreatedOnToolsVersion = 7.3.1;
						DevelopmentTeam = MJNV65U2X6;
					};
					F62CF34F1D3AA35E00C06A6E = {
						CreatedOnToolsVersion = 7.3.1;
						TestTargetID = F62CF3361D3AA35D00C06A6E;
					};
				};
			};
			buildConfigurationList = F62CF3321D3AA35D00C06A6E /* Build configuration list for PBXProject "marsvins" */;
			compatibilityVersion = "Xcode 3.2";
			developmentRegion = English;
			hasScannedForEncodings = 0;
			knownRegions = (
				en,
				Base,
			);
			mainGroup = F62CF32E1D3AA35D00C06A6E;
			productRefGroup = F62CF3381D3AA35D00C06A6E /* Products */;
			projectDirPath = "";
			projectRoot = "";
			targets = (
				F62CF3361D3AA35D00C06A6E /* marsvins */,
				F62CF34F1D3AA35E00C06A6E /* marsvinsTests */,
			);
		};
/* End PBXProject section */

/* Begin PBXResourcesBuildPhase section */
		F62CF3351D3AA35D00C06A6E /* Resources */ = {
			isa = PBXResourcesBuildPhase;
			buildActionMask = 2147483647;
			files = (
				F62CF34A1D3AA35D00C06A6E /* LaunchScreen.storyboard in Resources */,
				F62CF3471D3AA35D00C06A6E /* Assets.xcassets in Resources */,
				F62CF3451D3AA35D00C06A6E /* Main.storyboard in Resources */,
			);
			runOnlyForDeploymentPostprocessing = 0;
		};
		F62CF34E1D3AA35E00C06A6E /* Resources */ = {
			isa = PBXResourcesBuildPhase;
			buildActionMask = 2147483647;
			files = (
			);
			runOnlyForDeploymentPostprocessing = 0;
		};
/* End PBXResourcesBuildPhase section */

/* Begin PBXSourcesBuildPhase section */
		F62CF3331D3AA35D00C06A6E /* Sources */ = {
			isa = PBXSourcesBuildPhase;
			buildActionMask = 2147483647;
			files = (
				F6D5D8BE1D53C8BB002C9A03 /* IMUMeasurement.m in Sources */,
				F6D5D8991D52C382002C9A03 /* GyroData.m in Sources */,
				F62CF3421D3AA35D00C06A6E /* InitialViewController.m in Sources */,
				F6D5D8C11D543C47002C9A03 /* LinkedList.m in Sources */,
				F6D5D89C1D52C395002C9A03 /* AccelData.m in Sources */,
				F67530C21DA5738C00C7E72D /* FileConfiguration.m in Sources */,
				F6D5D8C41D544727002C9A03 /* Node.m in Sources */,
				F6D5D8961D52C21A002C9A03 /* Interpolator.m in Sources */,
				F62CF33F1D3AA35D00C06A6E /* AppDelegate.m in Sources */,
				F62CF3611D3AA9D600C06A6E /* VinsViewController.m in Sources */,
				F62CF33C1D3AA35D00C06A6E /* main.m in Sources */,
			);
			runOnlyForDeploymentPostprocessing = 0;
		};
		F62CF34C1D3AA35E00C06A6E /* Sources */ = {
			isa = PBXSourcesBuildPhase;
			buildActionMask = 2147483647;
			files = (
				F62CF3551D3AA35E00C06A6E /* marsvinsTests.m in Sources */,
			);
			runOnlyForDeploymentPostprocessing = 0;
		};
/* End PBXSourcesBuildPhase section */

/* Begin PBXTargetDependency section */
		F62CF3521D3AA35E00C06A6E /* PBXTargetDependency */ = {
			isa = PBXTargetDependency;
			target = F62CF3361D3AA35D00C06A6E /* marsvins */;
			targetProxy = F62CF3511D3AA35E00C06A6E /* PBXContainerItemProxy */;
		};
/* End PBXTargetDependency section */

/* Begin PBXVariantGroup section */
		F62CF3431D3AA35D00C06A6E /* Main.storyboard */ = {
			isa = PBXVariantGroup;
			children = (
				F62CF3441D3AA35D00C06A6E /* Base */,
			);
			name = Main.storyboard;
			sourceTree = "<group>";
		};
		F62CF3481D3AA35D00C06A6E /* LaunchScreen.storyboard */ = {
			isa = PBXVariantGroup;
			children = (
				F62CF3491D3AA35D00C06A6E /* Base */,
			);
			name = LaunchScreen.storyboard;
			sourceTree = "<group>";
		};
/* End PBXVariantGroup section */

/* Begin XCBuildConfiguration section */
		F62CF3571D3AA35E00C06A6E /* Debug */ = {
			isa = XCBuildConfiguration;
			buildSettings = {
				ALWAYS_SEARCH_USER_PATHS = NO;
				CLANG_ANALYZER_NONNULL = YES;
				CLANG_CXX_LANGUAGE_STANDARD = "gnu++0x";
				CLANG_CXX_LIBRARY = "libc++";
				CLANG_ENABLE_MODULES = YES;
				CLANG_ENABLE_OBJC_ARC = YES;
				CLANG_WARN_BOOL_CONVERSION = YES;
				CLANG_WARN_CONSTANT_CONVERSION = YES;
				CLANG_WARN_DIRECT_OBJC_ISA_USAGE = YES_ERROR;
				CLANG_WARN_EMPTY_BODY = YES;
				CLANG_WARN_ENUM_CONVERSION = YES;
				CLANG_WARN_INT_CONVERSION = YES;
				CLANG_WARN_OBJC_ROOT_CLASS = YES_ERROR;
				CLANG_WARN_UNREACHABLE_CODE = YES;
				CLANG_WARN__DUPLICATE_METHOD_MATCH = YES;
				"CODE_SIGN_IDENTITY[sdk=iphoneos*]" = "iPhone Developer";
				COPY_PHASE_STRIP = NO;
				DEBUG_INFORMATION_FORMAT = dwarf;
				ENABLE_STRICT_OBJC_MSGSEND = YES;
				ENABLE_TESTABILITY = YES;
				GCC_C_LANGUAGE_STANDARD = gnu99;
				GCC_DYNAMIC_NO_PIC = NO;
				GCC_NO_COMMON_BLOCKS = YES;
				GCC_OPTIMIZATION_LEVEL = 0;
				GCC_PREPROCESSOR_DEFINITIONS = (
					"DEBUG=1",
					"$(inherited)",
				);
				GCC_WARN_64_TO_32_BIT_CONVERSION = YES;
				GCC_WARN_ABOUT_RETURN_TYPE = YES_ERROR;
				GCC_WARN_UNDECLARED_SELECTOR = YES;
				GCC_WARN_UNINITIALIZED_AUTOS = YES_AGGRESSIVE;
				GCC_WARN_UNUSED_FUNCTION = YES;
				GCC_WARN_UNUSED_VARIABLE = YES;
				IPHONEOS_DEPLOYMENT_TARGET = 9.3;
				MTL_ENABLE_DEBUG_INFO = YES;
				ONLY_ACTIVE_ARCH = YES;
				SDKROOT = iphoneos;
				TARGETED_DEVICE_FAMILY = "1,2";
			};
			name = Debug;
		};
		F62CF3581D3AA35E00C06A6E /* Release */ = {
			isa = XCBuildConfiguration;
			buildSettings = {
				ALWAYS_SEARCH_USER_PATHS = NO;
				CLANG_ANALYZER_NONNULL = YES;
				CLANG_CXX_LANGUAGE_STANDARD = "gnu++0x";
				CLANG_CXX_LIBRARY = "libc++";
				CLANG_ENABLE_MODULES = YES;
				CLANG_ENABLE_OBJC_ARC = YES;
				CLANG_WARN_BOOL_CONVERSION = YES;
				CLANG_WARN_CONSTANT_CONVERSION = YES;
				CLANG_WARN_DIRECT_OBJC_ISA_USAGE = YES_ERROR;
				CLANG_WARN_EMPTY_BODY = YES;
				CLANG_WARN_ENUM_CONVERSION = YES;
				CLANG_WARN_INT_CONVERSION = YES;
				CLANG_WARN_OBJC_ROOT_CLASS = YES_ERROR;
				CLANG_WARN_UNREACHABLE_CODE = YES;
				CLANG_WARN__DUPLICATE_METHOD_MATCH = YES;
				"CODE_SIGN_IDENTITY[sdk=iphoneos*]" = "iPhone Developer";
				COPY_PHASE_STRIP = NO;
				DEBUG_INFORMATION_FORMAT = "dwarf-with-dsym";
				ENABLE_NS_ASSERTIONS = NO;
				ENABLE_STRICT_OBJC_MSGSEND = YES;
				GCC_C_LANGUAGE_STANDARD = gnu99;
				GCC_NO_COMMON_BLOCKS = YES;
				GCC_WARN_64_TO_32_BIT_CONVERSION = YES;
				GCC_WARN_ABOUT_RETURN_TYPE = YES_ERROR;
				GCC_WARN_UNDECLARED_SELECTOR = YES;
				GCC_WARN_UNINITIALIZED_AUTOS = YES_AGGRESSIVE;
				GCC_WARN_UNUSED_FUNCTION = YES;
				GCC_WARN_UNUSED_VARIABLE = YES;
				IPHONEOS_DEPLOYMENT_TARGET = 9.3;
				MTL_ENABLE_DEBUG_INFO = NO;
				SDKROOT = iphoneos;
				TARGETED_DEVICE_FAMILY = "1,2";
				VALIDATE_PRODUCT = YES;
			};
			name = Release;
		};
		F62CF35A1D3AA35E00C06A6E /* Debug */ = {
			isa = XCBuildConfiguration;
			buildSettings = {
				ASSETCATALOG_COMPILER_APPICON_NAME = AppIcon;
				CODE_SIGN_IDENTITY = "iPhone Developer: christopherbco@gmail.com (2X4QWL45Z5)";
				"CODE_SIGN_IDENTITY[sdk=iphoneos*]" = "iPhone Developer";
				FRAMEWORK_SEARCH_PATHS = (
					"$(inherited)",
					"$(PROJECT_DIR)",
				);
				INFOPLIST_FILE = marsvins/Info.plist;
				LD_RUNPATH_SEARCH_PATHS = "$(inherited) @executable_path/Frameworks";
				PRODUCT_BUNDLE_IDENTIFIER = edu.umn.cs.mars.marsvins.marsvins;
				PRODUCT_NAME = "$(TARGET_NAME)";
				PROVISIONING_PROFILE = "";
			};
			name = Debug;
		};
		F62CF35B1D3AA35E00C06A6E /* Release */ = {
			isa = XCBuildConfiguration;
			buildSettings = {
				ASSETCATALOG_COMPILER_APPICON_NAME = AppIcon;
				CODE_SIGN_IDENTITY = "iPhone Developer: christopherbco@gmail.com (2X4QWL45Z5)";
				"CODE_SIGN_IDENTITY[sdk=iphoneos*]" = "iPhone Developer";
				FRAMEWORK_SEARCH_PATHS = (
					"$(inherited)",
					"$(PROJECT_DIR)",
				);
				INFOPLIST_FILE = marsvins/Info.plist;
				LD_RUNPATH_SEARCH_PATHS = "$(inherited) @executable_path/Frameworks";
				PRODUCT_BUNDLE_IDENTIFIER = edu.umn.cs.mars.marsvins.marsvins;
				PRODUCT_NAME = "$(TARGET_NAME)";
				PROVISIONING_PROFILE = "";
			};
			name = Release;
		};
		F62CF35D1D3AA35E00C06A6E /* Debug */ = {
			isa = XCBuildConfiguration;
			buildSettings = {
				BUNDLE_LOADER = "$(TEST_HOST)";
				INFOPLIST_FILE = marsvinsTests/Info.plist;
				LD_RUNPATH_SEARCH_PATHS = "$(inherited) @executable_path/Frameworks @loader_path/Frameworks";
				PRODUCT_BUNDLE_IDENTIFIER = edu.umn.cs.mars.marsvins.marsvinsTests;
				PRODUCT_NAME = "$(TARGET_NAME)";
				TEST_HOST = "$(BUILT_PRODUCTS_DIR)/marsvins.app/marsvins";
			};
			name = Debug;
		};
		F62CF35E1D3AA35E00C06A6E /* Release */ = {
			isa = XCBuildConfiguration;
			buildSettings = {
				BUNDLE_LOADER = "$(TEST_HOST)";
				INFOPLIST_FILE = marsvinsTests/Info.plist;
				LD_RUNPATH_SEARCH_PATHS = "$(inherited) @executable_path/Frameworks @loader_path/Frameworks";
				PRODUCT_BUNDLE_IDENTIFIER = edu.umn.cs.mars.marsvins.marsvinsTests;
				PRODUCT_NAME = "$(TARGET_NAME)";
				TEST_HOST = "$(BUILT_PRODUCTS_DIR)/marsvins.app/marsvins";
			};
			name = Release;
		};
/* End XCBuildConfiguration section */

/* Begin XCConfigurationList section */
		F62CF3321D3AA35D00C06A6E /* Build configuration list for PBXProject "marsvins" */ = {
			isa = XCConfigurationList;
			buildConfigurations = (
				F62CF3571D3AA35E00C06A6E /* Debug */,
				F62CF3581D3AA35E00C06A6E /* Release */,
			);
			defaultConfigurationIsVisible = 0;
			defaultConfigurationName = Release;
		};
		F62CF3591D3AA35E00C06A6E /* Build configuration list for PBXNativeTarget "marsvins" */ = {
			isa = XCConfigurationList;
			buildConfigurations = (
				F62CF35A1D3AA35E00C06A6E /* Debug */,
				F62CF35B1D3AA35E00C06A6E /* Release */,
			);
			defaultConfigurationIsVisible = 0;
			defaultConfigurationName = Release;
		};
		F62CF35C1D3AA35E00C06A6E /* Build configuration list for PBXNativeTarget "marsvinsTests" */ = {
			isa = XCConfigurationList;
			buildConfigurations = (
				F62CF35D1D3AA35E00C06A6E /* Debug */,
				F62CF35E1D3AA35E00C06A6E /* Release */,
			);
			defaultConfigurationIsVisible = 0;
			defaultConfigurationName = Release;
		};
/* End XCConfigurationList section */
	};
	rootObject = F62CF32F1D3AA35D00C06A6E /* Project object */;
}
